
Microsoft Visual Studio Solution File, Format Version 12.00
# Visual Studio Version 16
VisualStudioVersion = 16.0.30104.148
MinimumVisualStudioVersion = 10.0.40219.1
Project("{FAE04EC0-301F-11D3-BF4B-00C04F79EFBC}") = "lucas_barrozo_C_AT", "lucas_barrozo_C_AT\lucas_barrozo_C_AT.csproj", "{3318EE8B-ED90-4171-8F2A-F029A52F98F6}"
EndProject
Project("{FAE04EC0-301F-11D3-BF4B-00C04F79EFBC}") = "Pessoa.Biblioteca", "Pessoa.Biblioteca\Pessoa.Biblioteca.csproj", "{49235029-C2C0-4F1E-966F-0D9EF47A37E7}"
EndProject
Global
	GlobalSection(SolutionConfigurationPlatforms) = preSolution
		Debug|Any CPU = Debug|Any CPU
		Release|Any CPU = Release|Any CPU
	EndGlobalSection
	GlobalSection(ProjectConfigurationPlatforms) = postSolution
		{3318EE8B-ED90-4171-8F2A-F029A52F98F6}.Debug|Any CPU.ActiveCfg = Debug|Any CPU
		{3318EE8B-ED90-4171-8F2A-F029A52F98F6}.Debug|Any CPU.Build.0 = Debug|Any CPU
		{3318EE8B-ED90-4171-8F2A-F029A52F98F6}.Release|Any CPU.ActiveCfg = Release|Any CPU
		{3318EE8B-ED90-4171-8F2A-F029A52F98F6}.Release|Any CPU.Build.0 = Release|Any CPU
		{49235029-C2C0-4F1E-966F-0D9EF47A37E7}.Debug|Any CPU.ActiveCfg = Debug|Any CPU
		{49235029-C2C0-4F1E-966F-0D9EF47A37E7}.Debug|Any CPU.Build.0 = Debug|Any CPU
		{49235029-C2C0-4F1E-966F-0D9EF47A37E7}.Release|Any CPU.ActiveCfg = Release|Any CPU
		{49235029-C2C0-4F1E-966F-0D9EF47A37E7}.Release|Any CPU.Build.0 = Release|Any CPU
	EndGlobalSection
	GlobalSection(SolutionProperties) = preSolution
		HideSolutionNode = FALSE
	EndGlobalSection
	GlobalSection(ExtensibilityGlobals) = postSolution
		SolutionGuid = {A2219F5A-4F75-4B63-ACAD-21C1C5B6D36D}
	EndGlobalSection
EndGlobal
